{
  "name": "tradepro-sip-bridge",
  "version": "0.1.0",
  "lockfileVersion": 3,
  "requires": true,
  "packages": {
    "": {
      "name": "tradepro-sip-bridge",
      "version": "0.1.0",
      "dependencies": {
        "sip": "^0.0.6",
        "ws": "^8.21.1"
      }
    },
    "node_modules/async-limiter": {
      "version": "1.0.1",
      "resolved": "https://registry.npmjs.org/async-limiter/-/async-limiter-1.0.1.tgz",
      "integrity": "sha512-csOlWGAcRFJaI6m+F2WKdnMKr4HhdhFVBk0H/QbJFMCr+uO2kwohwXQPxw/9OCxp05r5ghVBFSyioixx3gfkNQ==",
      "license": "MIT"
    },
    "node_modules/sip": {
      "version": "0.0.6",
      "resolved": "https://registry.npmjs.org/sip/-/sip-0.0.6.tgz",
      "integrity": "sha512-t+FYic4EQ25GTsIRWFVvsq+GmVkoZhrcoghANlnN6CsWMHGcfjPDYMD+nTBNrHR/WnRykF4nqx4i+gahAnW5NA==",
      "dependencies": {
        "ws": "^6.1.0"
      },
      "engines": {
        "node": ">=0.2.2"
      }
    },
    "node_modules/sip/node_modules/ws": {
      "version": "6.2.5",
      "resolved": "https://registry.npmjs.org/ws/-/ws-6.2.5.tgz",
      "integrity": "sha512-T7pPl+DnmNrKRuttAIQwueReX5GqsedYEWp3/H//CG35+DyUOe1+/voAeE8idxgfLsQf2tO+rdtBd1FnPopgTQ==",
      "license": "MIT",
      "dependencies": {
        "async-limiter": "~1.0.0"
      }
    },
    "node_modules/ws": {
      "version": "8.21.1",
      "resolved": "https://registry.npmjs.org/ws/-/ws-8.21.1.tgz",
      "integrity": "sha512-+0NTnW77fFN/DjQi6k/Sq/Yvk4Sgajw7urW8V+asjXnRgDs9gyGkdb7EzgfhA4goXsRIZKE28fzIXBHEzhuiWw==",
      "license": "MIT",
      "engines": {
        "node": ">=10.0.0"
      },
      "peerDependencies": {
        "bufferutil": "^4.0.1",
        "utf-8-validate": ">=5.0.2"
      },
      "peerDependenciesMeta": {
        "bufferutil": {
          "optional": true
        },
        "utf-8-validate": {
          "optional": true
        }
      }
    }
  }
}
